
Microsoft Visual Studio Solution File, Format Version 12.00
# Visual Studio Version 17
VisualStudioVersion = 17.1.31911.260
MinimumVisualStudioVersion = 10.0.40219.1
Project("{FAE04EC0-301F-11D3-BF4B-00C04F79EFBC}") = "CleverBar", "CleverBar\CleverBar.csproj", "{EAACA1C8-909E-43BC-9717-C1E1EFFE8600}"
EndProject
Global
	GlobalSection(SolutionConfigurationPlatforms) = preSolution
		Debug|Any CPU = Debug|Any CPU
		Release|Any CPU = Release|Any CPU
	EndGlobalSection
	GlobalSection(ProjectConfigurationPlatforms) = postSolution
		{EAACA1C8-909E-43BC-9717-C1E1EFFE8600}.Debug|Any CPU.ActiveCfg = Debug|Any CPU
		{EAACA1C8-909E-43BC-9717-C1E1EFFE8600}.Debug|Any CPU.Build.0 = Debug|Any CPU
		{EAACA1C8-909E-43BC-9717-C1E1EFFE8600}.Release|Any CPU.ActiveCfg = Release|Any CPU
		{EAACA1C8-909E-43BC-9717-C1E1EFFE8600}.Release|Any CPU.Build.0 = Release|Any CPU
	EndGlobalSection
	GlobalSection(SolutionProperties) = preSolution
		HideSolutionNode = FALSE
	EndGlobalSection
	GlobalSection(ExtensibilityGlobals) = postSolution
		SolutionGuid = {ECA3D080-27FF-4F37-B803-B5F9914727AA}
	EndGlobalSection
EndGlobal
